version = 1
requires-python = ">=3.10"

[[package]]
name = "anyio"
version = "4.7.0"
source = { registry = "https://pypi.org/simple" }
dependencies = [
    { name = "exceptiongroup", marker = "python_full_version < '3.11'" },
    { name = "idna" },
    { name = "sniffio" },
    { name = "typing-extensions", marker = "python_full_version < '3.13'" },
]
sdist = { url = "https://files.pythonhosted.org/packages/f6/40/318e58f669b1a9e00f5c4453910682e2d9dd594334539c7b7817dabb765f/anyio-4.7.0.tar.gz", hash = "sha256:2f834749c602966b7d456a7567cafcb309f96482b5081d14ac93ccd457f9dd48", size = 177076 }
wheels = [
    { url = "https://files.pythonhosted.org/packages/a0/7a/4daaf3b6c08ad7ceffea4634ec206faeff697526421c20f07628c7372156/anyio-4.7.0-py3-none-any.whl", hash = "sha256:ea60c3723ab42ba6fff7e8ccb0488c898ec538ff4df1f1d5e642c3601d07e352", size = 93052 },
]

[[package]]
name = "exceptiongroup"
version = "1.2.2"
source = { registry = "https://pypi.org/simple" }
sdist = { url = "https://files.pythonhosted.org/packages/09/35/2495c4ac46b980e4ca1f6ad6db102322ef3ad2410b79fdde159a4b0f3b92/exceptiongroup-1.2.2.tar.gz", hash = "sha256:47c2edf7c6738fafb49fd34290706d1a1a2f4d1c6df275526b62cbb4aa5393cc", size = 28883 }
wheels = [
    { url = "https://files.pythonhosted.org/packages/02/cc/b7e31358aac6ed1ef2bb790a9746ac2c69bcb3c8588b41616914eb106eaf/exceptiongroup-1.2.2-py3-none-any.whl", hash = "sha256:3111b9d131c238bec2f8f516e123e14ba243563fb135d3fe885990585aa7795b", size = 16453 },
]

[[package]]
name = "idna"
version = "3.10"
source = { registry = "https://pypi.org/simple" }
sdist = { url = "https://files.pythonhosted.org/packages/f1/70/7703c29685631f5a7590aa73f1f1d3fa9a380e654b86af429e0934a32f7d/idna-3.10.tar.gz", hash = "sha256:12f65c9b470abda6dc35cf8e63cc574b1c52b11df2c86030af0ac09b01b13ea9", size = 190490 }
wheels = [
    { url = "https://files.pythonhosted.org/packages/76/c6/c88e154df9c4e1a2a66ccf0005a88dfb2650c1dffb6f5ce603dfbd452ce3/idna-3.10-py3-none-any.whl", hash = "sha256:946d195a0d259cbba61165e88e65941f16e9b36ea6ddb97f00452bae8b1287d3", size = 70442 },
]

[[package]]
name = "pyxel"
version = "2.2.8"
source = { registry = "https://pypi.org/simple" }
wheels = [
    { url = "https://files.pythonhosted.org/packages/9a/d2/c13d8644b3e31bcd511a3dd1b0853d2dd4abfebd16245aa1da44cf231cef/pyxel-2.2.8-cp38-abi3-macosx_10_12_x86_64.whl", hash = "sha256:0bdbe2460f6516b8ce49e2f34b30254aef6fbe454631d223a890e05e55af0812", size = 3102524 },
    { url = "https://files.pythonhosted.org/packages/51/7c/b418b2dfd156f06b0f268321a97e91c266f68c5361013d99dbc1fa142c01/pyxel-2.2.8-cp38-abi3-macosx_11_0_arm64.whl", hash = "sha256:ab7b48c7e3fbe7adee61ea07ca5ca45b90ebfd9625374c7de9bd586e3ca8ba89", size = 2935191 },
    { url = "https://files.pythonhosted.org/packages/33/b2/5158ac28a57d8a224389be5dff4a37382d68a0e35f81b1aea3e308a95f7a/pyxel-2.2.8-cp38-abi3-manylinux_2_17_aarch64.manylinux2014_aarch64.whl", hash = "sha256:d5ad3b15bf78116f07a1bcb66f22631559b65cf15d15298a972f4d97bccde344", size = 2918239 },
    { url = "https://files.pythonhosted.org/packages/40/92/f422bf47e573baf69bd2b8ac928d97686f729c91774a9468b8ff89b16268/pyxel-2.2.8-cp38-abi3-manylinux_2_17_armv7l.manylinux2014_armv7l.whl", hash = "sha256:56d4ea47efb0080f0084052f7817a94170a7346f32ef3de61807650190aad9c0", size = 2935863 },
    { url = "https://files.pythonhosted.org/packages/c6/de/2f25593532860d014bd8d77dfb4d1ce09651c01a19501ba37ad2fc340d4e/pyxel-2.2.8-cp38-abi3-manylinux_2_17_i686.manylinux2014_i686.whl", hash = "sha256:76daae418838b207d340d03b7ca9a580b8147689b680cd15098b32085d176be8", size = 3176559 },
    { url = "https://files.pythonhosted.org/packages/ba/3b/caefdf83446ac7c06fcd101c426f573208b02274ae785d16fe2f0dc69448/pyxel-2.2.8-cp38-abi3-manylinux_2_17_x86_64.manylinux2014_x86_64.whl", hash = "sha256:1c81844b3282d5caf182075e105dc11f1edce70ef300256cf8888a2b8dafdb1d", size = 2976416 },
    { url = "https://files.pythonhosted.org/packages/70/94/86738a1f073ca808ff72f0d7d98dfd249808cf2ee3998b6af1e17e7d78e4/pyxel-2.2.8-cp38-abi3-win32.whl", hash = "sha256:1497c1c446be0176088260fe9ef589a1fd8582053eae2a622f05ac27bed8dd8b", size = 3056412 },
    { url = "https://files.pythonhosted.org/packages/96/5e/a6e5750a3af6ad1b6fe5008f5c5a416b2a94b5fe18f8ef236ab53acf9996/pyxel-2.2.8-cp38-abi3-win_amd64.whl", hash = "sha256:14d22d85ccb57aab2f043d4e82b9d404c513501efbf5fb240eead02708b6a873", size = 3202953 },
]

[[package]]
name = "pyxel-reload"
version = "0.1.0"
source = { editable = "." }
dependencies = [
    { name = "pyxel" },
    { name = "watchfiles" },
]

[package.dev-dependencies]
dev = [
    { name = "ruff" },
]

[package.metadata]
requires-dist = [
    { name = "pyxel", specifier = ">=2.2" },
    { name = "watchfiles", specifier = ">=1.0.3" },
]

[package.metadata.requires-dev]
dev = [{ name = "ruff", specifier = ">=0.8.3" }]

[[package]]
name = "ruff"
version = "0.8.3"
source = { registry = "https://pypi.org/simple" }
sdist = { url = "https://files.pythonhosted.org/packages/bf/5e/683c7ef7a696923223e7d95ca06755d6e2acbc5fd8382b2912a28008137c/ruff-0.8.3.tar.gz", hash = "sha256:5e7558304353b84279042fc584a4f4cb8a07ae79b2bf3da1a7551d960b5626d3", size = 3378522 }
wheels = [
    { url = "https://files.pythonhosted.org/packages/f8/c4/bfdbb8b9c419ff3b52479af8581026eeaac3764946fdb463dec043441b7d/ruff-0.8.3-py3-none-linux_armv6l.whl", hash = "sha256:8d5d273ffffff0acd3db5bf626d4b131aa5a5ada1276126231c4174543ce20d6", size = 10535860 },
    { url = "https://files.pythonhosted.org/packages/ef/c5/0aabdc9314b4b6f051168ac45227e2aa8e1c6d82718a547455e40c9c9faa/ruff-0.8.3-py3-none-macosx_10_12_x86_64.whl", hash = "sha256:e4d66a21de39f15c9757d00c50c8cdd20ac84f55684ca56def7891a025d7e939", size = 10346327 },
    { url = "https://files.pythonhosted.org/packages/1a/78/4843a59e7e7b398d6019cf91ab06502fd95397b99b2b858798fbab9151f5/ruff-0.8.3-py3-none-macosx_11_0_arm64.whl", hash = "sha256:c356e770811858bd20832af696ff6c7e884701115094f427b64b25093d6d932d", size = 9942585 },
    { url = "https://files.pythonhosted.org/packages/91/5a/642ed8f1ba23ffc2dd347697e01eef3c42fad6ac76603be4a8c3a9d6311e/ruff-0.8.3-py3-none-manylinux_2_17_aarch64.manylinux2014_aarch64.whl", hash = "sha256:9c0a60a825e3e177116c84009d5ebaa90cf40dfab56e1358d1df4e29a9a14b13", size = 10797597 },
    { url = "https://files.pythonhosted.org/packages/30/25/2e654bc7226da09a49730a1a2ea6e89f843b362db80b4b2a7a4f948ac986/ruff-0.8.3-py3-none-manylinux_2_17_armv7l.manylinux2014_armv7l.whl", hash = "sha256:75fb782f4db39501210ac093c79c3de581d306624575eddd7e4e13747e61ba18", size = 10307244 },
    { url = "https://files.pythonhosted.org/packages/c0/2d/a224d56bcd4383583db53c2b8f410ebf1200866984aa6eb9b5a70f04e71f/ruff-0.8.3-py3-none-manylinux_2_17_i686.manylinux2014_i686.whl", hash = "sha256:7f26bc76a133ecb09a38b7868737eded6941b70a6d34ef53a4027e83913b6502", size = 11362439 },
    { url = "https://files.pythonhosted.org/packages/82/01/03e2857f9c371b8767d3e909f06a33bbdac880df17f17f93d6f6951c3381/ruff-0.8.3-py3-none-manylinux_2_17_ppc64.manylinux2014_ppc64.whl", hash = "sha256:01b14b2f72a37390c1b13477c1c02d53184f728be2f3ffc3ace5b44e9e87b90d", size = 12078538 },
    { url = "https://files.pythonhosted.org/packages/af/ae/ff7f97b355da16d748ceec50e1604a8215d3659b36b38025a922e0612e9b/ruff-0.8.3-py3-none-manylinux_2_17_ppc64le.manylinux2014_ppc64le.whl", hash = "sha256:53babd6e63e31f4e96ec95ea0d962298f9f0d9cc5990a1bbb023a6baf2503a82", size = 11616172 },
    { url = "https://files.pythonhosted.org/packages/6a/d0/6156d4d1e53ebd17747049afe801c5d7e3014d9b2f398b9236fe36ba4320/ruff-0.8.3-py3-none-manylinux_2_17_s390x.manylinux2014_s390x.whl", hash = "sha256:1ae441ce4cf925b7f363d33cd6570c51435972d697e3e58928973994e56e1452", size = 12919886 },
    { url = "https://files.pythonhosted.org/packages/4e/84/affcb30bacb94f6036a128ad5de0e29f543d3f67ee42b490b17d68e44b8a/ruff-0.8.3-py3-none-manylinux_2_17_x86_64.manylinux2014_x86_64.whl", hash = "sha256:d7c65bc0cadce32255e93c57d57ecc2cca23149edd52714c0c5d6fa11ec328cd", size = 11212599 },
    { url = "https://files.pythonhosted.org/packages/60/b9/5694716bdefd8f73df7c0104334156c38fb0f77673d2966a5a1345bab94d/ruff-0.8.3-py3-none-musllinux_1_2_aarch64.whl", hash = "sha256:5be450bb18f23f0edc5a4e5585c17a56ba88920d598f04a06bd9fd76d324cb20", size = 10784637 },
    { url = "https://files.pythonhosted.org/packages/24/7e/0e8f835103ac7da81c3663eedf79dec8359e9ae9a3b0d704bae50be59176/ruff-0.8.3-py3-none-musllinux_1_2_armv7l.whl", hash = "sha256:8faeae3827eaa77f5721f09b9472a18c749139c891dbc17f45e72d8f2ca1f8fc", size = 10390591 },
    { url = "https://files.pythonhosted.org/packages/27/da/180ec771fc01c004045962ce017ca419a0281f4bfaf867ed0020f555b56e/ruff-0.8.3-py3-none-musllinux_1_2_i686.whl", hash = "sha256:db503486e1cf074b9808403991663e4277f5c664d3fe237ee0d994d1305bb060", size = 10894298 },
    { url = "https://files.pythonhosted.org/packages/6d/f8/29f241742ed3954eb2222314b02db29f531a15cab3238d1295e8657c5f18/ruff-0.8.3-py3-none-musllinux_1_2_x86_64.whl", hash = "sha256:6567be9fb62fbd7a099209257fef4ad2c3153b60579818b31a23c886ed4147ea", size = 11275965 },
    { url = "https://files.pythonhosted.org/packages/79/e9/5b81dc9afc8a80884405b230b9429efeef76d04caead904bd213f453b973/ruff-0.8.3-py3-none-win32.whl", hash = "sha256:19048f2f878f3ee4583fc6cb23fb636e48c2635e30fb2022b3a1cd293402f964", size = 8807651 },
    { url = "https://files.pythonhosted.org/packages/ea/67/7291461066007617b59a707887b90e319b6a043c79b4d19979f86b7a20e7/ruff-0.8.3-py3-none-win_amd64.whl", hash = "sha256:f7df94f57d7418fa7c3ffb650757e0c2b96cf2501a0b192c18e4fb5571dfada9", size = 9625289 },
    { url = "https://files.pythonhosted.org/packages/03/8f/e4fa95288b81233356d9a9dcaed057e5b0adc6399aa8fd0f6d784041c9c3/ruff-0.8.3-py3-none-win_arm64.whl", hash = "sha256:fe2756edf68ea79707c8d68b78ca9a58ed9af22e430430491ee03e718b5e4936", size = 9078754 },
]

[[package]]
name = "sniffio"
version = "1.3.1"
source = { registry = "https://pypi.org/simple" }
sdist = { url = "https://files.pythonhosted.org/packages/a2/87/a6771e1546d97e7e041b6ae58d80074f81b7d5121207425c964ddf5cfdbd/sniffio-1.3.1.tar.gz", hash = "sha256:f4324edc670a0f49750a81b895f35c3adb843cca46f0530f79fc1babb23789dc", size = 20372 }
wheels = [
    { url = "https://files.pythonhosted.org/packages/e9/44/75a9c9421471a6c4805dbf2356f7c181a29c1879239abab1ea2cc8f38b40/sniffio-1.3.1-py3-none-any.whl", hash = "sha256:2f6da418d1f1e0fddd844478f41680e794e6051915791a034ff65e5f100525a2", size = 10235 },
]

[[package]]
name = "typing-extensions"
version = "4.12.2"
source = { registry = "https://pypi.org/simple" }
sdist = { url = "https://files.pythonhosted.org/packages/df/db/f35a00659bc03fec321ba8bce9420de607a1d37f8342eee1863174c69557/typing_extensions-4.12.2.tar.gz", hash = "sha256:1a7ead55c7e559dd4dee8856e3a88b41225abfe1ce8df57b7c13915fe121ffb8", size = 85321 }
wheels = [
    { url = "https://files.pythonhosted.org/packages/26/9f/ad63fc0248c5379346306f8668cda6e2e2e9c95e01216d2b8ffd9ff037d0/typing_extensions-4.12.2-py3-none-any.whl", hash = "sha256:04e5ca0351e0f3f85c6853954072df659d0d13fac324d0072316b67d7794700d", size = 37438 },
]

[[package]]
name = "watchfiles"
version = "1.0.3"
source = { registry = "https://pypi.org/simple" }
dependencies = [
    { name = "anyio" },
]
sdist = { url = "https://files.pythonhosted.org/packages/3c/7e/4569184ea04b501840771b8fcecee19b2233a8b72c196061263c0ef23c0b/watchfiles-1.0.3.tar.gz", hash = "sha256:f3ff7da165c99a5412fe5dd2304dd2dbaaaa5da718aad942dcb3a178eaa70c56", size = 38185 }
wheels = [
    { url = "https://files.pythonhosted.org/packages/cd/6c/7be04641c81209ea281b83b1174aa9d5ba53bec2a896d75a6b10428b4063/watchfiles-1.0.3-cp310-cp310-macosx_10_12_x86_64.whl", hash = "sha256:1da46bb1eefb5a37a8fb6fd52ad5d14822d67c498d99bda8754222396164ae42", size = 395213 },
    { url = "https://files.pythonhosted.org/packages/bd/d6/99438baa225891bda882adefefc14c9023ef3cdaf9772cd47973bb566e96/watchfiles-1.0.3-cp310-cp310-macosx_11_0_arm64.whl", hash = "sha256:2b961b86cd3973f5822826017cad7f5a75795168cb645c3a6b30c349094e02e3", size = 384755 },
    { url = "https://files.pythonhosted.org/packages/88/93/b10295ce8696e5e37f480ba4ae89e387e88ba425d72808c87d30f4cdefb1/watchfiles-1.0.3-cp310-cp310-manylinux_2_17_aarch64.manylinux2014_aarch64.whl", hash = "sha256:34e87c7b3464d02af87f1059fedda5484e43b153ef519e4085fe1a03dd94801e", size = 441701 },
    { url = "https://files.pythonhosted.org/packages/c5/3a/0359b7bddb1b7cbe6fb7096805b6e2f859f0de3d6130dcab9ac635db87e2/watchfiles-1.0.3-cp310-cp310-manylinux_2_17_armv7l.manylinux2014_armv7l.whl", hash = "sha256:d9dd2b89a16cf7ab9c1170b5863e68de6bf83db51544875b25a5f05a7269e678", size = 447540 },
    { url = "https://files.pythonhosted.org/packages/e2/a7/3400b4f105c68804495b76398165ffe6c00af93eab395279285f43cd0e42/watchfiles-1.0.3-cp310-cp310-manylinux_2_17_i686.manylinux2014_i686.whl", hash = "sha256:2b4691234d31686dca133c920f94e478b548a8e7c750f28dbbc2e4333e0d3da9", size = 472467 },
    { url = "https://files.pythonhosted.org/packages/c3/1a/8f928800d038d4fdb1e9df6e0c380c8cee17e6fb180e1faceb3f94de6df7/watchfiles-1.0.3-cp310-cp310-manylinux_2_17_ppc64le.manylinux2014_ppc64le.whl", hash = "sha256:90b0fe1fcea9bd6e3084b44875e179b4adcc4057a3b81402658d0eb58c98edf8", size = 494467 },
    { url = "https://files.pythonhosted.org/packages/13/70/af75edf5b763f09e31a0f19ce045f3731db22599cb521807760b7d82b196/watchfiles-1.0.3-cp310-cp310-manylinux_2_17_s390x.manylinux2014_s390x.whl", hash = "sha256:0b90651b4cf9e158d01faa0833b073e2e37719264bcee3eac49fc3c74e7d304b", size = 492671 },
    { url = "https://files.pythonhosted.org/packages/4a/6e/8723f4b0967cc8d94f33fc531c33d66b596090b024f449983d3a8d97cfca/watchfiles-1.0.3-cp310-cp310-manylinux_2_17_x86_64.manylinux2014_x86_64.whl", hash = "sha256:c2e9fe695ff151b42ab06501820f40d01310fbd58ba24da8923ace79cf6d702d", size = 443811 },
    { url = "https://files.pythonhosted.org/packages/ee/5d/f3ca68a71d978d43168a65a1b4e1f72290c5350379aa148917e4ed0b2c46/watchfiles-1.0.3-cp310-cp310-musllinux_1_1_aarch64.whl", hash = "sha256:62691f1c0894b001c7cde1195c03b7801aaa794a837bd6eef24da87d1542838d", size = 615477 },
    { url = "https://files.pythonhosted.org/packages/0d/d0/3d27a26f276ef07ca4cd3c6766684444317ddd147943e00bdb157cfdf3c3/watchfiles-1.0.3-cp310-cp310-musllinux_1_1_x86_64.whl", hash = "sha256:275c1b0e942d335fccb6014d79267d1b9fa45b5ac0639c297f1e856f2f532552", size = 614237 },
    { url = "https://files.pythonhosted.org/packages/97/e9/ff30b210099d75cfa407924b3c265d3054f14b83ddf02072bd637394aab6/watchfiles-1.0.3-cp310-cp310-win32.whl", hash = "sha256:06ce08549e49ba69ccc36fc5659a3d0ff4e3a07d542b895b8a9013fcab46c2dc", size = 270798 },
    { url = "https://files.pythonhosted.org/packages/ed/86/694f07eb91d3e81a359661b48ff6984543e50be767c50c08196155d417bf/watchfiles-1.0.3-cp310-cp310-win_amd64.whl", hash = "sha256:f280b02827adc9d87f764972fbeb701cf5611f80b619c20568e1982a277d6146", size = 284192 },
    { url = "https://files.pythonhosted.org/packages/24/a8/06e2d5f840b285718a09be7c71ea19b7177b005cec87b8923dd7e8541b20/watchfiles-1.0.3-cp311-cp311-macosx_10_12_x86_64.whl", hash = "sha256:ffe709b1d0bc2e9921257569675674cafb3a5f8af689ab9f3f2b3f88775b960f", size = 394821 },
    { url = "https://files.pythonhosted.org/packages/57/9f/f98a57ada3d4b1fcd0e325aa6c307e2248ecb048f71c96fba34a602f02e7/watchfiles-1.0.3-cp311-cp311-macosx_11_0_arm64.whl", hash = "sha256:418c5ce332f74939ff60691e5293e27c206c8164ce2b8ce0d9abf013003fb7fe", size = 384898 },
    { url = "https://files.pythonhosted.org/packages/a3/31/33ba914010cbfd01033ca3727aff6585b6b2ea2b051b6fbaecdf4e2160b9/watchfiles-1.0.3-cp311-cp311-manylinux_2_17_aarch64.manylinux2014_aarch64.whl", hash = "sha256:2f492d2907263d6d0d52f897a68647195bc093dafed14508a8d6817973586b6b", size = 441710 },
    { url = "https://files.pythonhosted.org/packages/d9/dd/e56b2ef07c2c34e4152950f0ce98a1081215ef027cf39e5dab61a0f8bd95/watchfiles-1.0.3-cp311-cp311-manylinux_2_17_armv7l.manylinux2014_armv7l.whl", hash = "sha256:48c9f3bc90c556a854f4cab6a79c16974099ccfa3e3e150673d82d47a4bc92c9", size = 447681 },
    { url = "https://files.pythonhosted.org/packages/60/8f/3837df33f3d0cbef8ae59559891d688490bf2960373ea077ff11cbf79115/watchfiles-1.0.3-cp311-cp311-manylinux_2_17_i686.manylinux2014_i686.whl", hash = "sha256:75d3bcfa90454dba8df12adc86b13b6d85fda97d90e708efc036c2760cc6ba44", size = 472312 },
    { url = "https://files.pythonhosted.org/packages/5a/b3/95d103e5bb609b20f175e8acdf8b32c4b091f96f781c066fd3bff2b17778/watchfiles-1.0.3-cp311-cp311-manylinux_2_17_ppc64le.manylinux2014_ppc64le.whl", hash = "sha256:5691340f259b8f76b45fb31b98e594d46c36d1dc8285efa7975f7f50230c9093", size = 494779 },
    { url = "https://files.pythonhosted.org/packages/4f/f0/9fdc60daf5abf7b0deb225c9b0a37fd72dc407fa33f071ae2f70e84e268c/watchfiles-1.0.3-cp311-cp311-manylinux_2_17_s390x.manylinux2014_s390x.whl", hash = "sha256:1e263cc718545b7f897baeac1f00299ab6fabe3e18caaacacb0edf6d5f35513c", size = 492090 },
    { url = "https://files.pythonhosted.org/packages/96/e5/a9967e77f173280ab1abbfd7ead90f2b94060574968baf5e6d7cbe9dd490/watchfiles-1.0.3-cp311-cp311-manylinux_2_17_x86_64.manylinux2014_x86_64.whl", hash = "sha256:1c6cf7709ed3e55704cc06f6e835bf43c03bc8e3cb8ff946bf69a2e0a78d9d77", size = 443713 },
    { url = "https://files.pythonhosted.org/packages/60/38/e5390d4633a558878113e45d32e39d30cf58eb94e0359f41737be209321b/watchfiles-1.0.3-cp311-cp311-musllinux_1_1_aarch64.whl", hash = "sha256:703aa5e50e465be901e0e0f9d5739add15e696d8c26c53bc6fc00eb65d7b9469", size = 615306 },
    { url = "https://files.pythonhosted.org/packages/5c/27/8a1ee74544c93e3242ca073087b45c64367aeb6897b622e43c8172c2b421/watchfiles-1.0.3-cp311-cp311-musllinux_1_1_x86_64.whl", hash = "sha256:bfcae6aecd9e0cb425f5145afee871465b98b75862e038d42fe91fd753ddd780", size = 614333 },
    { url = "https://files.pythonhosted.org/packages/fc/f8/25698f5b734907662b50acf3e81996053abdfe26fcf38804d028412876a8/watchfiles-1.0.3-cp311-cp311-win32.whl", hash = "sha256:6a76494d2c5311584f22416c5a87c1e2cb954ff9b5f0988027bc4ef2a8a67181", size = 270987 },
    { url = "https://files.pythonhosted.org/packages/39/78/f600dee7b387e6088c8d1f4c898a4340d07aecfe6406bd90ec4c1925ef08/watchfiles-1.0.3-cp311-cp311-win_amd64.whl", hash = "sha256:cf745cbfad6389c0e331786e5fe9ae3f06e9d9c2ce2432378e1267954793975c", size = 284098 },
    { url = "https://files.pythonhosted.org/packages/ca/6f/27ba8aec0a4b45a6063454465eefb42777158081d9df18eab5f1d6a3bd8a/watchfiles-1.0.3-cp311-cp311-win_arm64.whl", hash = "sha256:2dcc3f60c445f8ce14156854a072ceb36b83807ed803d37fdea2a50e898635d6", size = 276804 },
    { url = "https://files.pythonhosted.org/packages/bf/a9/c8b5ab33444306e1a324cb2b51644f8458dd459e30c3841f925012893e6a/watchfiles-1.0.3-cp312-cp312-macosx_10_12_x86_64.whl", hash = "sha256:93436ed550e429da007fbafb723e0769f25bae178fbb287a94cb4ccdf42d3af3", size = 391395 },
    { url = "https://files.pythonhosted.org/packages/ad/d3/403af5f07359863c03951796ddab265ee8cce1a6147510203d0bf43950e7/watchfiles-1.0.3-cp312-cp312-macosx_11_0_arm64.whl", hash = "sha256:c18f3502ad0737813c7dad70e3e1cc966cc147fbaeef47a09463bbffe70b0a00", size = 381432 },
    { url = "https://files.pythonhosted.org/packages/f6/5f/921f2f2beabaf24b1ad81ac22bb69df8dd5771fdb68d6f34a5912a420941/watchfiles-1.0.3-cp312-cp312-manylinux_2_17_aarch64.manylinux2014_aarch64.whl", hash = "sha256:6a5bc3ca468bb58a2ef50441f953e1f77b9a61bd1b8c347c8223403dc9b4ac9a", size = 441448 },
    { url = "https://files.pythonhosted.org/packages/63/d7/67d0d750b246f248ccdb400a85a253e93e419ea5b6cbe968fa48b97a5f30/watchfiles-1.0.3-cp312-cp312-manylinux_2_17_armv7l.manylinux2014_armv7l.whl", hash = "sha256:0d1ec043f02ca04bf21b1b32cab155ce90c651aaf5540db8eb8ad7f7e645cba8", size = 446852 },
    { url = "https://files.pythonhosted.org/packages/53/7c/d7cd94c7d0905f1e2f1c2232ea9bc39b1a48affd007e09c547ead96edb8f/watchfiles-1.0.3-cp312-cp312-manylinux_2_17_i686.manylinux2014_i686.whl", hash = "sha256:f58d3bfafecf3d81c15d99fc0ecf4319e80ac712c77cf0ce2661c8cf8bf84066", size = 471662 },
    { url = "https://files.pythonhosted.org/packages/26/81/738f8e66f7525753996b8aa292f78dcec1ef77887d62e6cdfb04cc2f352f/watchfiles-1.0.3-cp312-cp312-manylinux_2_17_ppc64le.manylinux2014_ppc64le.whl", hash = "sha256:1df924ba82ae9e77340101c28d56cbaff2c991bd6fe8444a545d24075abb0a87", size = 493765 },
    { url = "https://files.pythonhosted.org/packages/d2/50/78e21f5da24ab39114e9b24f7b0945ea1c6fc7bc9ae86cd87f8eaeb47325/watchfiles-1.0.3-cp312-cp312-manylinux_2_17_s390x.manylinux2014_s390x.whl", hash = "sha256:632a52dcaee44792d0965c17bdfe5dc0edad5b86d6a29e53d6ad4bf92dc0ff49", size = 490558 },
    { url = "https://files.pythonhosted.org/packages/a8/93/1873fea6354b2858eae8970991d64e9a449d87726d596490d46bf00af8ed/watchfiles-1.0.3-cp312-cp312-manylinux_2_17_x86_64.manylinux2014_x86_64.whl", hash = "sha256:80bf4b459d94a0387617a1b499f314aa04d8a64b7a0747d15d425b8c8b151da0", size = 442808 },
    { url = "https://files.pythonhosted.org/packages/4f/b4/2fc4c92fb28b029f66d04a4d430fe929284e9ff717b04bb7a3bb8a7a5605/watchfiles-1.0.3-cp312-cp312-musllinux_1_1_aarch64.whl", hash = "sha256:ca94c85911601b097d53caeeec30201736ad69a93f30d15672b967558df02885", size = 615287 },
    { url = "https://files.pythonhosted.org/packages/1e/d4/93da24db39257e440240d338b617c5153ad11d361c34108f5c0e1e0743eb/watchfiles-1.0.3-cp312-cp312-musllinux_1_1_x86_64.whl", hash = "sha256:65ab1fb635476f6170b07e8e21db0424de94877e4b76b7feabfe11f9a5fc12b5", size = 612812 },
    { url = "https://files.pythonhosted.org/packages/c6/67/9fd3661c2dc0309abd6021876653d91e8b64fb279529e2cadaa3520ef3e3/watchfiles-1.0.3-cp312-cp312-win32.whl", hash = "sha256:49bc1bc26abf4f32e132652f4b3bfeec77d8f8f62f57652703ef127e85a3e38d", size = 271642 },
    { url = "https://files.pythonhosted.org/packages/ae/aa/8c887edb78cd67f5d4d6a35c3aeb46d748643ebf962163130fb1871e2ee0/watchfiles-1.0.3-cp312-cp312-win_amd64.whl", hash = "sha256:48681c86f2cb08348631fed788a116c89c787fdf1e6381c5febafd782f6c3b44", size = 285505 },
    { url = "https://files.pythonhosted.org/packages/7b/31/d212fa6390f0e73a91913ada0b925b294a78d67794795371208baf73f0b5/watchfiles-1.0.3-cp312-cp312-win_arm64.whl", hash = "sha256:9e080cf917b35b20c889225a13f290f2716748362f6071b859b60b8847a6aa43", size = 277263 },
    { url = "https://files.pythonhosted.org/packages/36/77/0ceb864c854c59bc5326484f88a900c70b4a05e3792e0ce340689988dd5e/watchfiles-1.0.3-cp313-cp313-macosx_10_12_x86_64.whl", hash = "sha256:e153a690b7255c5ced17895394b4f109d5dcc2a4f35cb809374da50f0e5c456a", size = 391061 },
    { url = "https://files.pythonhosted.org/packages/00/66/327046cfe276a6e4af1a9a58fc99321e25783e501dc68c4c82de2d1bd3a7/watchfiles-1.0.3-cp313-cp313-macosx_11_0_arm64.whl", hash = "sha256:ac1be85fe43b4bf9a251978ce5c3bb30e1ada9784290441f5423a28633a958a7", size = 381177 },
    { url = "https://files.pythonhosted.org/packages/66/8a/420e2833deaa88e8ca7d94a497ec60fde610c66206a1776f049dc5ad3a4e/watchfiles-1.0.3-cp313-cp313-manylinux_2_17_aarch64.manylinux2014_aarch64.whl", hash = "sha256:a2ec98e31e1844eac860e70d9247db9d75440fc8f5f679c37d01914568d18721", size = 441293 },
    { url = "https://files.pythonhosted.org/packages/58/56/2627795ecdf3f0f361458cfa74c583d5041615b9ad81bc25f8c66a6c44a2/watchfiles-1.0.3-cp313-cp313-manylinux_2_17_armv7l.manylinux2014_armv7l.whl", hash = "sha256:0179252846be03fa97d4d5f8233d1c620ef004855f0717712ae1c558f1974a16", size = 446209 },
    { url = "https://files.pythonhosted.org/packages/8f/d0/11c8dcd8a9995f0c075d76f1d06068bbb7a17583a19c5be75361497a4074/watchfiles-1.0.3-cp313-cp313-manylinux_2_17_i686.manylinux2014_i686.whl", hash = "sha256:995c374e86fa82126c03c5b4630c4e312327ecfe27761accb25b5e1d7ab50ec8", size = 471227 },
    { url = "https://files.pythonhosted.org/packages/cb/8f/baa06574eaf48173882c4cdc3636993d0854661be7d88193e015ef996c73/watchfiles-1.0.3-cp313-cp313-manylinux_2_17_ppc64le.manylinux2014_ppc64le.whl", hash = "sha256:29b9cb35b7f290db1c31fb2fdf8fc6d3730cfa4bca4b49761083307f441cac5a", size = 493205 },
    { url = "https://files.pythonhosted.org/packages/ee/e8/9af886b4d3daa281047b542ffd2eb8f76dae9dd6ca0e21c5df4593b98574/watchfiles-1.0.3-cp313-cp313-manylinux_2_17_s390x.manylinux2014_s390x.whl", hash = "sha256:6f8dc09ae69af50bead60783180f656ad96bd33ffbf6e7a6fce900f6d53b08f1", size = 489090 },
    { url = "https://files.pythonhosted.org/packages/81/02/62085db54b151fc02e22d47b288d19e99031dc9af73151289a7ab6621f9a/watchfiles-1.0.3-cp313-cp313-manylinux_2_17_x86_64.manylinux2014_x86_64.whl", hash = "sha256:489b80812f52a8d8c7b0d10f0d956db0efed25df2821c7a934f6143f76938bd6", size = 442610 },
    { url = "https://files.pythonhosted.org/packages/61/81/980439c5d3fd3c69ba7124a56e1016d0b824ced2192ffbfe7062d53f524b/watchfiles-1.0.3-cp313-cp313-musllinux_1_1_aarch64.whl", hash = "sha256:228e2247de583475d4cebf6b9af5dc9918abb99d1ef5ee737155bb39fb33f3c0", size = 614781 },
    { url = "https://files.pythonhosted.org/packages/55/98/e11401d8e9cd5d2bd0e95e9bf750f397489681965ee0c72fb84732257912/watchfiles-1.0.3-cp313-cp313-musllinux_1_1_x86_64.whl", hash = "sha256:1550be1a5cb3be08a3fb84636eaafa9b7119b70c71b0bed48726fd1d5aa9b868", size = 612637 },
    { url = "https://files.pythonhosted.org/packages/50/be/8393b68f2add0f839be6863f151bd6a7b242efc6eb2ce0c9f7d135d529cc/watchfiles-1.0.3-cp313-cp313-win32.whl", hash = "sha256:16db2d7e12f94818cbf16d4c8938e4d8aaecee23826344addfaaa671a1527b07", size = 271170 },
    { url = "https://files.pythonhosted.org/packages/f0/da/725f97a8b1b4e7b3e4331cce3ef921b12568af3af403b9f0f61ede036898/watchfiles-1.0.3-cp313-cp313-win_amd64.whl", hash = "sha256:160eff7d1267d7b025e983ca8460e8cc67b328284967cbe29c05f3c3163711a3", size = 285246 },
    { url = "https://files.pythonhosted.org/packages/26/48/5a75b18ad40cc69ea6e0003bb748db162a3215bbe44a1293e073876d51bd/watchfiles-1.0.3-pp310-pypy310_pp73-macosx_10_12_x86_64.whl", hash = "sha256:84fac88278f42d61c519a6c75fb5296fd56710b05bbdcc74bdf85db409a03780", size = 396233 },
    { url = "https://files.pythonhosted.org/packages/dc/b2/03ce3447a3271483b030b8bafc39be19739f9a4a23edec31c6688e8a066d/watchfiles-1.0.3-pp310-pypy310_pp73-macosx_11_0_arm64.whl", hash = "sha256:c68be72b1666d93b266714f2d4092d78dc53bd11cf91ed5a3c16527587a52e29", size = 386050 },
    { url = "https://files.pythonhosted.org/packages/ab/0c/38914f56a95aa6ec911bb7cee617762d93aaf5a11efecadbb698d6b0b9a2/watchfiles-1.0.3-pp310-pypy310_pp73-manylinux_2_17_aarch64.manylinux2014_aarch64.whl", hash = "sha256:889a37e2acf43c377b5124166bece139b4c731b61492ab22e64d371cce0e6e80", size = 442404 },
    { url = "https://files.pythonhosted.org/packages/4d/8c/a95d3ba1ccfa33a43649668f699150cce1ea795e4300c33b4c3e974a444b/watchfiles-1.0.3-pp310-pypy310_pp73-manylinux_2_17_x86_64.manylinux2014_x86_64.whl", hash = "sha256:7ca05cacf2e5c4a97d02a2878a24020daca21dbb8823b023b978210a75c79098", size = 444461 },
]
